
Microsoft Visual Studio Solution File, Format Version 12.00
# Visual Studio Version 16
VisualStudioVersion = 16.0.32106.194
MinimumVisualStudioVersion = 10.0.40219.1
Project("{FAE04EC0-301F-11D3-BF4B-00C04F79EFBC}") = "WpfApp2", "WpfApp2.csproj", "{EB9D4DF6-E89A-40B6-9C0A-60F424552431}"
EndProject
Global
	GlobalSection(SolutionConfigurationPlatforms) = preSolution
		Debug|Any CPU = Debug|Any CPU
		Release|Any CPU = Release|Any CPU
	EndGlobalSection
	GlobalSection(ProjectConfigurationPlatforms) = postSolution
		{EB9D4DF6-E89A-40B6-9C0A-60F424552431}.Debug|Any CPU.ActiveCfg = Debug|Any CPU
		{EB9D4DF6-E89A-40B6-9C0A-60F424552431}.Debug|Any CPU.Build.0 = Debug|Any CPU
		{EB9D4DF6-E89A-40B6-9C0A-60F424552431}.Release|Any CPU.ActiveCfg = Release|Any CPU
		{EB9D4DF6-E89A-40B6-9C0A-60F424552431}.Release|Any CPU.Build.0 = Release|Any CPU
	EndGlobalSection
	GlobalSection(SolutionProperties) = preSolution
		HideSolutionNode = FALSE
	EndGlobalSection
	GlobalSection(ExtensibilityGlobals) = postSolution
		SolutionGuid = {C183B065-0984-4746-829D-246284A13E8A}
	EndGlobalSection
EndGlobal
